
Microsoft Visual Studio Solution File, Format Version 12.00
# Visual Studio 15
VisualStudioVersion = 15.0.28307.271
MinimumVisualStudioVersion = 10.0.40219.1
Project("{FAE04EC0-301F-11D3-BF4B-00C04F79EFBC}") = "App01_ConsultarCEP.Android", "App01_ConsultarCEP\App01_ConsultarCEP.Android\App01_ConsultarCEP.Android.csproj", "{09374664-C90D-450D-9539-B36846890F33}"
EndProject
Project("{FAE04EC0-301F-11D3-BF4B-00C04F79EFBC}") = "App01_ConsultarCEP.iOS", "App01_ConsultarCEP\App01_ConsultarCEP.iOS\App01_ConsultarCEP.iOS.csproj", "{D24B7C81-87E9-4EA5-AB26-3219626E3A11}"
EndProject
Project("{FAE04EC0-301F-11D3-BF4B-00C04F79EFBC}") = "App01_ConsultarCEP", "App01_ConsultarCEP\App01_ConsultarCEP\App01_ConsultarCEP.csproj", "{C4FCF5CA-5839-4DA2-A62B-049FDF707D64}"
EndProject
Global
	GlobalSection(SolutionConfigurationPlatforms) = preSolution
		Ad-Hoc|Any CPU = Ad-Hoc|Any CPU
		Ad-Hoc|iPhone = Ad-Hoc|iPhone
		Ad-Hoc|iPhoneSimulator = Ad-Hoc|iPhoneSimulator
		AppStore|Any CPU = AppStore|Any CPU
		AppStore|iPhone = AppStore|iPhone
		AppStore|iPhoneSimulator = AppStore|iPhoneSimulator
		Debug|Any CPU = Debug|Any CPU
		Debug|iPhone = Debug|iPhone
		Debug|iPhoneSimulator = Debug|iPhoneSimulator
		Release|Any CPU = Release|Any CPU
		Release|iPhone = Release|iPhone
		Release|iPhoneSimulator = Release|iPhoneSimulator
	EndGlobalSection
	GlobalSection(ProjectConfigurationPlatforms) = postSolution
		{09374664-C90D-450D-9539-B36846890F33}.Ad-Hoc|Any CPU.ActiveCfg = Release|Any CPU
		{09374664-C90D-450D-9539-B36846890F33}.Ad-Hoc|Any CPU.Build.0 = Release|Any CPU
		{09374664-C90D-450D-9539-B36846890F33}.Ad-Hoc|Any CPU.Deploy.0 = Release|Any CPU
		{09374664-C90D-450D-9539-B36846890F33}.Ad-Hoc|iPhone.ActiveCfg = Release|Any CPU
		{09374664-C90D-450D-9539-B36846890F33}.Ad-Hoc|iPhone.Build.0 = Release|Any CPU
		{09374664-C90D-450D-9539-B36846890F33}.Ad-Hoc|iPhone.Deploy.0 = Release|Any CPU
		{09374664-C90D-450D-9539-B36846890F33}.Ad-Hoc|iPhoneSimulator.ActiveCfg = Release|Any CPU
		{09374664-C90D-450D-9539-B36846890F33}.Ad-Hoc|iPhoneSimulator.Build.0 = Release|Any CPU
		{09374664-C90D-450D-9539-B36846890F33}.Ad-Hoc|iPhoneSimulator.Deploy.0 = Release|Any CPU
		{09374664-C90D-450D-9539-B36846890F33}.AppStore|Any CPU.ActiveCfg = Release|Any CPU
		{09374664-C90D-450D-9539-B36846890F33}.AppStore|Any CPU.Build.0 = Release|Any CPU
		{09374664-C90D-450D-9539-B36846890F33}.AppStore|Any CPU.Deploy.0 = Release|Any CPU
		{09374664-C90D-450D-9539-B36846890F33}.AppStore|iPhone.ActiveCfg = Release|Any CPU
		{09374664-C90D-450D-9539-B36846890F33}.AppStore|iPhone.Build.0 = Release|Any CPU
		{09374664-C90D-450D-9539-B36846890F33}.AppStore|iPhone.Deploy.0 = Release|Any CPU
		{09374664-C90D-450D-9539-B36846890F33}.AppStore|iPhoneSimulator.ActiveCfg = Release|Any CPU
		{09374664-C90D-450D-9539-B36846890F33}.AppStore|iPhoneSimulator.Build.0 = Release|Any CPU
		{09374664-C90D-450D-9539-B36846890F33}.AppStore|iPhoneSimulator.Deploy.0 = Release|Any CPU
		{09374664-C90D-450D-9539-B36846890F33}.Debug|Any CPU.ActiveCfg = Debug|Any CPU
		{09374664-C90D-450D-9539-B36846890F33}.Debug|Any CPU.Build.0 = Debug|Any CPU
		{09374664-C90D-450D-9539-B36846890F33}.Debug|Any CPU.Deploy.0 = Debug|Any CPU
		{09374664-C90D-450D-9539-B36846890F33}.Debug|iPhone.ActiveCfg = Debug|Any CPU
		{09374664-C90D-450D-9539-B36846890F33}.Debug|iPhone.Build.0 = Debug|Any CPU
		{09374664-C90D-450D-9539-B36846890F33}.Debug|iPhone.Deploy.0 = Debug|Any CPU
		{09374664-C90D-450D-9539-B36846890F33}.Debug|iPhoneSimulator.ActiveCfg = Debug|Any CPU
		{09374664-C90D-450D-9539-B36846890F33}.Debug|iPhoneSimulator.Build.0 = Debug|Any CPU
		{09374664-C90D-450D-9539-B36846890F33}.Debug|iPhoneSimulator.Deploy.0 = Debug|Any CPU
		{09374664-C90D-450D-9539-B36846890F33}.Release|Any CPU.ActiveCfg = Release|Any CPU
		{09374664-C90D-450D-9539-B36846890F33}.Release|Any CPU.Build.0 = Release|Any CPU
		{09374664-C90D-450D-9539-B36846890F33}.Release|Any CPU.Deploy.0 = Release|Any CPU
		{09374664-C90D-450D-9539-B36846890F33}.Release|iPhone.ActiveCfg = Release|Any CPU
		{09374664-C90D-450D-9539-B36846890F33}.Release|iPhone.Build.0 = Release|Any CPU
		{09374664-C90D-450D-9539-B36846890F33}.Release|iPhone.Deploy.0 = Release|Any CPU
		{09374664-C90D-450D-9539-B36846890F33}.Release|iPhoneSimulator.ActiveCfg = Release|Any CPU
		{09374664-C90D-450D-9539-B36846890F33}.Release|iPhoneSimulator.Build.0 = Release|Any CPU
		{09374664-C90D-450D-9539-B36846890F33}.Release|iPhoneSimulator.Deploy.0 = Release|Any CPU
		{D24B7C81-87E9-4EA5-AB26-3219626E3A11}.Ad-Hoc|Any CPU.ActiveCfg = Ad-Hoc|iPhone
		{D24B7C81-87E9-4EA5-AB26-3219626E3A11}.Ad-Hoc|Any CPU.Build.0 = Ad-Hoc|iPhone
		{D24B7C81-87E9-4EA5-AB26-3219626E3A11}.Ad-Hoc|Any CPU.Deploy.0 = Ad-Hoc|iPhone
		{D24B7C81-87E9-4EA5-AB26-3219626E3A11}.Ad-Hoc|iPhone.ActiveCfg = Ad-Hoc|iPhone
		{D24B7C81-87E9-4EA5-AB26-3219626E3A11}.Ad-Hoc|iPhone.Build.0 = Ad-Hoc|iPhone
		{D24B7C81-87E9-4EA5-AB26-3219626E3A11}.Ad-Hoc|iPhone.Deploy.0 = Ad-Hoc|iPhone
		{D24B7C81-87E9-4EA5-AB26-3219626E3A11}.Ad-Hoc|iPhoneSimulator.ActiveCfg = Ad-Hoc|iPhoneSimulator
		{D24B7C81-87E9-4EA5-AB26-3219626E3A11}.Ad-Hoc|iPhoneSimulator.Build.0 = Ad-Hoc|iPhoneSimulator
		{D24B7C81-87E9-4EA5-AB26-3219626E3A11}.Ad-Hoc|iPhoneSimulator.Deploy.0 = Ad-Hoc|iPhoneSimulator
		{D24B7C81-87E9-4EA5-AB26-3219626E3A11}.AppStore|Any CPU.ActiveCfg = AppStore|iPhone
		{D24B7C81-87E9-4EA5-AB26-3219626E3A11}.AppStore|Any CPU.Build.0 = AppStore|iPhone
		{D24B7C81-87E9-4EA5-AB26-3219626E3A11}.AppStore|Any CPU.Deploy.0 = AppStore|iPhone
		{D24B7C81-87E9-4EA5-AB26-3219626E3A11}.AppStore|iPhone.ActiveCfg = AppStore|iPhone
		{D24B7C81-87E9-4EA5-AB26-3219626E3A11}.AppStore|iPhone.Build.0 = AppStore|iPhone
		{D24B7C81-87E9-4EA5-AB26-3219626E3A11}.AppStore|iPhone.Deploy.0 = AppStore|iPhone
		{D24B7C81-87E9-4EA5-AB26-3219626E3A11}.AppStore|iPhoneSimulator.ActiveCfg = AppStore|iPhoneSimulator
		{D24B7C81-87E9-4EA5-AB26-3219626E3A11}.AppStore|iPhoneSimulator.Build.0 = AppStore|iPhoneSimulator
		{D24B7C81-87E9-4EA5-AB26-3219626E3A11}.AppStore|iPhoneSimulator.Deploy.0 = AppStore|iPhoneSimulator
		{D24B7C81-87E9-4EA5-AB26-3219626E3A11}.Debug|Any CPU.ActiveCfg = Debug|iPhoneSimulator
		{D24B7C81-87E9-4EA5-AB26-3219626E3A11}.Debug|Any CPU.Build.0 = Debug|iPhoneSimulator
		{D24B7C81-87E9-4EA5-AB26-3219626E3A11}.Debug|Any CPU.Deploy.0 = Debug|iPhoneSimulator
		{D24B7C81-87E9-4EA5-AB26-3219626E3A11}.Debug|iPhone.ActiveCfg = Debug|iPhone
		{D24B7C81-87E9-4EA5-AB26-3219626E3A11}.Debug|iPhone.Build.0 = Debug|iPhone
		{D24B7C81-87E9-4EA5-AB26-3219626E3A11}.Debug|iPhone.Deploy.0 = Debug|iPhone
		{D24B7C81-87E9-4EA5-AB26-3219626E3A11}.Debug|iPhoneSimulator.ActiveCfg = Debug|iPhoneSimulator
		{D24B7C81-87E9-4EA5-AB26-3219626E3A11}.Debug|iPhoneSimulator.Build.0 = Debug|iPhoneSimulator
		{D24B7C81-87E9-4EA5-AB26-3219626E3A11}.Debug|iPhoneSimulator.Deploy.0 = Debug|iPhoneSimulator
		{D24B7C81-87E9-4EA5-AB26-3219626E3A11}.Release|Any CPU.ActiveCfg = Release|iPhone
		{D24B7C81-87E9-4EA5-AB26-3219626E3A11}.Release|Any CPU.Build.0 = Release|iPhone
		{D24B7C81-87E9-4EA5-AB26-3219626E3A11}.Release|Any CPU.Deploy.0 = Release|iPhone
		{D24B7C81-87E9-4EA5-AB26-3219626E3A11}.Release|iPhone.ActiveCfg = Release|iPhone
		{D24B7C81-87E9-4EA5-AB26-3219626E3A11}.Release|iPhone.Build.0 = Release|iPhone
		{D24B7C81-87E9-4EA5-AB26-3219626E3A11}.Release|iPhone.Deploy.0 = Release|iPhone
		{D24B7C81-87E9-4EA5-AB26-3219626E3A11}.Release|iPhoneSimulator.ActiveCfg = Release|iPhoneSimulator
		{D24B7C81-87E9-4EA5-AB26-3219626E3A11}.Release|iPhoneSimulator.Build.0 = Release|iPhoneSimulator
		{D24B7C81-87E9-4EA5-AB26-3219626E3A11}.Release|iPhoneSimulator.Deploy.0 = Release|iPhoneSimulator
		{C4FCF5CA-5839-4DA2-A62B-049FDF707D64}.Ad-Hoc|Any CPU.ActiveCfg = Debug|Any CPU
		{C4FCF5CA-5839-4DA2-A62B-049FDF707D64}.Ad-Hoc|Any CPU.Build.0 = Debug|Any CPU
		{C4FCF5CA-5839-4DA2-A62B-049FDF707D64}.Ad-Hoc|Any CPU.Deploy.0 = Debug|Any CPU
		{C4FCF5CA-5839-4DA2-A62B-049FDF707D64}.Ad-Hoc|iPhone.ActiveCfg = Debug|Any CPU
		{C4FCF5CA-5839-4DA2-A62B-049FDF707D64}.Ad-Hoc|iPhone.Build.0 = Debug|Any CPU
		{C4FCF5CA-5839-4DA2-A62B-049FDF707D64}.Ad-Hoc|iPhone.Deploy.0 = Debug|Any CPU
		{C4FCF5CA-5839-4DA2-A62B-049FDF707D64}.Ad-Hoc|iPhoneSimulator.ActiveCfg = Debug|Any CPU
		{C4FCF5CA-5839-4DA2-A62B-049FDF707D64}.Ad-Hoc|iPhoneSimulator.Build.0 = Debug|Any CPU
		{C4FCF5CA-5839-4DA2-A62B-049FDF707D64}.Ad-Hoc|iPhoneSimulator.Deploy.0 = Debug|Any CPU
		{C4FCF5CA-5839-4DA2-A62B-049FDF707D64}.AppStore|Any CPU.ActiveCfg = Debug|Any CPU
		{C4FCF5CA-5839-4DA2-A62B-049FDF707D64}.AppStore|Any CPU.Build.0 = Debug|Any CPU
		{C4FCF5CA-5839-4DA2-A62B-049FDF707D64}.AppStore|Any CPU.Deploy.0 = Debug|Any CPU
		{C4FCF5CA-5839-4DA2-A62B-049FDF707D64}.AppStore|iPhone.ActiveCfg = Debug|Any CPU
		{C4FCF5CA-5839-4DA2-A62B-049FDF707D64}.AppStore|iPhone.Build.0 = Debug|Any CPU
		{C4FCF5CA-5839-4DA2-A62B-049FDF707D64}.AppStore|iPhone.Deploy.0 = Debug|Any CPU
		{C4FCF5CA-5839-4DA2-A62B-049FDF707D64}.AppStore|iPhoneSimulator.ActiveCfg = Debug|Any CPU
		{C4FCF5CA-5839-4DA2-A62B-049FDF707D64}.AppStore|iPhoneSimulator.Build.0 = Debug|Any CPU
		{C4FCF5CA-5839-4DA2-A62B-049FDF707D64}.AppStore|iPhoneSimulator.Deploy.0 = Debug|Any CPU
		{C4FCF5CA-5839-4DA2-A62B-049FDF707D64}.Debug|Any CPU.ActiveCfg = Debug|Any CPU
		{C4FCF5CA-5839-4DA2-A62B-049FDF707D64}.Debug|Any CPU.Build.0 = Debug|Any CPU
		{C4FCF5CA-5839-4DA2-A62B-049FDF707D64}.Debug|Any CPU.Deploy.0 = Debug|Any CPU
		{C4FCF5CA-5839-4DA2-A62B-049FDF707D64}.Debug|iPhone.ActiveCfg = Debug|Any CPU
		{C4FCF5CA-5839-4DA2-A62B-049FDF707D64}.Debug|iPhone.Build.0 = Debug|Any CPU
		{C4FCF5CA-5839-4DA2-A62B-049FDF707D64}.Debug|iPhone.Deploy.0 = Debug|Any CPU
		{C4FCF5CA-5839-4DA2-A62B-049FDF707D64}.Debug|iPhoneSimulator.ActiveCfg = Debug|Any CPU
		{C4FCF5CA-5839-4DA2-A62B-049FDF707D64}.Debug|iPhoneSimulator.Build.0 = Debug|Any CPU
		{C4FCF5CA-5839-4DA2-A62B-049FDF707D64}.Debug|iPhoneSimulator.Deploy.0 = Debug|Any CPU
		{C4FCF5CA-5839-4DA2-A62B-049FDF707D64}.Release|Any CPU.ActiveCfg = Release|Any CPU
		{C4FCF5CA-5839-4DA2-A62B-049FDF707D64}.Release|Any CPU.Build.0 = Release|Any CPU
		{C4FCF5CA-5839-4DA2-A62B-049FDF707D64}.Release|Any CPU.Deploy.0 = Release|Any CPU
		{C4FCF5CA-5839-4DA2-A62B-049FDF707D64}.Release|iPhone.ActiveCfg = Release|Any CPU
		{C4FCF5CA-5839-4DA2-A62B-049FDF707D64}.Release|iPhone.Build.0 = Release|Any CPU
		{C4FCF5CA-5839-4DA2-A62B-049FDF707D64}.Release|iPhone.Deploy.0 = Release|Any CPU
		{C4FCF5CA-5839-4DA2-A62B-049FDF707D64}.Release|iPhoneSimulator.ActiveCfg = Release|Any CPU
		{C4FCF5CA-5839-4DA2-A62B-049FDF707D64}.Release|iPhoneSimulator.Build.0 = Release|Any CPU
		{C4FCF5CA-5839-4DA2-A62B-049FDF707D64}.Release|iPhoneSimulator.Deploy.0 = Release|Any CPU
	EndGlobalSection
	GlobalSection(SolutionProperties) = preSolution
		HideSolutionNode = FALSE
	EndGlobalSection
	GlobalSection(ExtensibilityGlobals) = postSolution
		SolutionGuid = {0151E1F7-8567-47A3-8D1D-6604840973D7}
	EndGlobalSection
EndGlobal
